
Microsoft Visual Studio Solution File, Format Version 12.00
# Visual Studio Version 17
VisualStudioVersion = 17.5.002.0
MinimumVisualStudioVersion = 10.0.40219.1
Project("{9A19103F-16F7-4668-BE54-9A1E7A4F7556}") = "BookStoreApi", "BookStoreApi.csproj", "{90C5B903-80F4-4F14-BF97-DD11CFF13064}"
EndProject
Global
	GlobalSection(SolutionConfigurationPlatforms) = preSolution
		Debug|Any CPU = Debug|Any CPU
		Release|Any CPU = Release|Any CPU
	EndGlobalSection
	GlobalSection(ProjectConfigurationPlatforms) = postSolution
		{90C5B903-80F4-4F14-BF97-DD11CFF13064}.Debug|Any CPU.ActiveCfg = Debug|Any CPU
		{90C5B903-80F4-4F14-BF97-DD11CFF13064}.Debug|Any CPU.Build.0 = Debug|Any CPU
		{90C5B903-80F4-4F14-BF97-DD11CFF13064}.Release|Any CPU.ActiveCfg = Release|Any CPU
		{90C5B903-80F4-4F14-BF97-DD11CFF13064}.Release|Any CPU.Build.0 = Release|Any CPU
	EndGlobalSection
	GlobalSection(SolutionProperties) = preSolution
		HideSolutionNode = FALSE
	EndGlobalSection
	GlobalSection(ExtensibilityGlobals) = postSolution
		SolutionGuid = {F329A22C-C433-41BD-90F2-925188317C60}
	EndGlobalSection
EndGlobal
