
Microsoft Visual Studio Solution File, Format Version 12.00
# Visual Studio Version 16
VisualStudioVersion = 25.0.1706.9
MinimumVisualStudioVersion = 10.0.40219.1
Project("{2150E333-8FDC-42A3-9474-1A3956D46DE8}") = "Solution Items", "Solution Items", "{E9AF0939-FC03-4E3C-A767-53E340F1AFC8}"
	ProjectSection(SolutionItems) = preProject
		.editorconfig = .editorconfig
	EndProjectSection
EndProject
Project("{2150E333-8FDC-42A3-9474-1A3956D46DE8}") = "C2", "C2", "{85359553-FD02-427F-9BBD-EA134DC7849D}"
EndProject
Project("{FAE04EC0-301F-11D3-BF4B-00C04F79EFBC}") = "C2Arrays", "C2\C2Arrays\C2Arrays.csproj", "{3A6588C1-B34B-4B8D-8082-D16AB10E5417}"
EndProject
Project("{FAE04EC0-301F-11D3-BF4B-00C04F79EFBC}") = "C2BooleanAndOperators", "C2\C2BooleanAndOperators\C2BooleanAndOperators.csproj", "{CAC87EF7-AA4E-4D46-B85C-4E3C5933E676}"
EndProject
Project("{FAE04EC0-301F-11D3-BF4B-00C04F79EFBC}") = "C2ExpressionAndOperators", "C2\C2ExpressionAndOperators\C2ExpressionAndOperators.csproj", "{B1461D77-3CDA-40E3-92D7-B391632B9174}"
EndProject
Project("{FAE04EC0-301F-11D3-BF4B-00C04F79EFBC}") = "C2FirstProgram", "C2\C2FirstProgram\C2FirstProgram.csproj", "{B8BBE0F1-18CA-4E9E-B5F7-2E7D0CF1F463}"
EndProject
Project("{FAE04EC0-301F-11D3-BF4B-00C04F79EFBC}") = "C2NameSpaces", "C2\C2NameSpaces\C2NameSpaces.csproj", "{28E55A2F-EEE0-4BBB-82BE-3B882658F0B5}"
EndProject
Project("{FAE04EC0-301F-11D3-BF4B-00C04F79EFBC}") = "C2NullOperators", "C2\C2NullOperators\C2NullOperators.csproj", "{2C76DA29-26B8-470B-8F16-AD90C581568C}"
EndProject
Project("{FAE04EC0-301F-11D3-BF4B-00C04F79EFBC}") = "C2NumericTypes", "C2\C2NumericTypes\C2NumericTypes.csproj", "{2A1354C6-5607-4430-B283-17F852096FB3}"
EndProject
Project("{FAE04EC0-301F-11D3-BF4B-00C04F79EFBC}") = "C2Statements", "C2\C2Statements\C2Statements.csproj", "{071AAB2E-11AD-4084-9CF1-B1CFDD11B8F0}"
EndProject
Project("{FAE04EC0-301F-11D3-BF4B-00C04F79EFBC}") = "C2StringAndCharacters", "C2\C2StringAndCharacters\C2StringAndCharacters.csproj", "{61120553-171C-4416-8C04-489AE13A680F}"
EndProject
Project("{FAE04EC0-301F-11D3-BF4B-00C04F79EFBC}") = "C2Syntax", "C2\C2Syntax\C2Syntax.csproj", "{C94E70A3-AD0B-4BC6-B2CB-A147322C49F2}"
EndProject
Project("{FAE04EC0-301F-11D3-BF4B-00C04F79EFBC}") = "C2TypeAndConversions", "C2\C2TypeAndConversions\C2TypeAndConversions.csproj", "{F6DE852E-E899-4A9B-A80F-42DD7692BDE0}"
EndProject
Project("{FAE04EC0-301F-11D3-BF4B-00C04F79EFBC}") = "C2TypeBasics", "C2\C2TypeBasics\C2TypeBasics.csproj", "{2C816020-07E4-4820-A448-13A7B8768DDE}"
EndProject
Project("{FAE04EC0-301F-11D3-BF4B-00C04F79EFBC}") = "C2VariablesAndParameters", "C2\C2VariablesAndParameters\C2VariablesAndParameters.csproj", "{7CEE5564-B4DF-4CEC-A1AA-3EC9AA1742AD}"
EndProject
Project("{2150E333-8FDC-42A3-9474-1A3956D46DE8}") = "C3", "C3", "{E9401F08-69EF-42D2-AD22-C2C903E631BB}"
EndProject
Project("{FAE04EC0-301F-11D3-BF4B-00C04F79EFBC}") = "C3Classes", "C3\C3Classes\C3Classes.csproj", "{8DB18AEA-32E2-47F2-B4E8-1741F9EC7CBE}"
EndProject
Project("{FAE04EC0-301F-11D3-BF4B-00C04F79EFBC}") = "C3Inheritance", "C3\C3Inheritance\C3Inheritance.csproj", "{67685F10-936C-45C9-A5D3-B09393CB1B28}"
EndProject
Project("{2150E333-8FDC-42A3-9474-1A3956D46DE8}") = "C4", "C4", "{238FF74A-32E3-4E51-9CF1-D159716E74B2}"
EndProject
Project("{FAE04EC0-301F-11D3-BF4B-00C04F79EFBC}") = "C4DelegateFuncAction", "C4\C4DelegateFuncAction\C4DelegateFuncAction.csproj", "{6E10059F-D902-48A9-A1B8-E540FE384FDF}"
EndProject
Project("{FAE04EC0-301F-11D3-BF4B-00C04F79EFBC}") = "C4DelegateGenericType", "C4\C4DelegateGenericType\C4DelegateGenericType.csproj", "{C738BE40-C173-4B5E-8DDA-D7B0344CFF0D}"
EndProject
Project("{FAE04EC0-301F-11D3-BF4B-00C04F79EFBC}") = "C4DelegateMulticastDelegates", "C4\C4DelegateMulticastDelegates\C4DelegateMulticastDelegates.csproj", "{6EC805A7-C93F-4197-B7E8-E95BD4F8BF09}"
EndProject
Project("{FAE04EC0-301F-11D3-BF4B-00C04F79EFBC}") = "C4DelegatePluginMethods", "C4\C4DelegatePluginMethods\C4DelegatePluginMethods.csproj", "{E52B28AF-D77B-41D1-9320-A3A75CD06FF3}"
EndProject
Project("{FAE04EC0-301F-11D3-BF4B-00C04F79EFBC}") = "C4Delegates", "C4\C4Delegates\C4Delegates.csproj", "{711694F7-7952-420F-BC80-E496422B7931}"
EndProject
Project("{FAE04EC0-301F-11D3-BF4B-00C04F79EFBC}") = "C4DelegateTarget", "C4\C4DelegateTarget\C4DelegateTarget.csproj", "{2CB76A06-4DEB-4335-9D9C-DA20FE74A719}"
EndProject
Project("{FAE04EC0-301F-11D3-BF4B-00C04F79EFBC}") = "C4DelegateVersusInterfaces", "C4\C4DelegateVersusInterfaces\C4DelegateVersusInterfaces.csproj", "{9F3878E1-1A54-4F9E-A498-874B72288BBA}"
EndProject
Project("{FAE04EC0-301F-11D3-BF4B-00C04F79EFBC}") = "C4Events", "C4\C4Events\C4Events.csproj", "{D22B2B5C-121F-4F31-A7DF-856B32EF554F}"
EndProject
Project("{FAE04EC0-301F-11D3-BF4B-00C04F79EFBC}") = "C4NullableValueTypes", "C4\C4NullableValueTypes\C4NullableValueTypes.csproj", "{B43B1215-E3F0-4803-9229-A8BB87FA310B}"
EndProject
Project("{2150E333-8FDC-42A3-9474-1A3956D46DE8}") = "C8", "C8", "{DF1A7D99-A06E-49BD-B59A-9EAC42704282}"
EndProject
Project("{FAE04EC0-301F-11D3-BF4B-00C04F79EFBC}") = "C8CompositionStrategies", "C8\C8CompositionStrategies\C8CompositionStrategies.csproj", "{CFD76393-424B-4A7A-8805-91F80F842CB8}"
EndProject
Project("{FAE04EC0-301F-11D3-BF4B-00C04F79EFBC}") = "C8DeferredExpression", "C8\C8DeferredExpression\C8DeferredExpression.csproj", "{F35A43AA-79D5-4B1D-9709-33CC31D49ED4}"
EndProject
Project("{FAE04EC0-301F-11D3-BF4B-00C04F79EFBC}") = "C8FluentSyntax", "C8\C8FluentSyntax\C8FluentSyntax.csproj", "{916C2382-9AC8-4E7C-B75E-87F66DAE996C}"
EndProject
Project("{FAE04EC0-301F-11D3-BF4B-00C04F79EFBC}") = "C8GettingStarted", "C8\C8GettingStarted\C8GettingStarted.csproj", "{2414BA01-2B5A-43FF-963E-C3BF6DC71078}"
EndProject
Project("{FAE04EC0-301F-11D3-BF4B-00C04F79EFBC}") = "C8QueryExpressions", "C8\C8QueryExpressions\C8QueryExpressions.csproj", "{15A2AFAF-5D03-4873-98B9-4A6FD44ED31C}"
EndProject
Project("{FAE04EC0-301F-11D3-BF4B-00C04F79EFBC}") = "C8SubQueries", "C8\C8SubQueries\C8SubQueries.csproj", "{C7C5D0AC-977B-4537-BD66-11E98E1003BE}"
EndProject
Project("{FAE04EC0-301F-11D3-BF4B-00C04F79EFBC}") = "C4EventPriceChanged", "C4\C4EventPriceChanged\C4EventPriceChanged.csproj", "{80B2D633-1B40-4B13-AA0B-F28B63A4DDE0}"
EndProject
Global
	GlobalSection(SolutionConfigurationPlatforms) = preSolution
		Debug|Any CPU = Debug|Any CPU
		Release|Any CPU = Release|Any CPU
	EndGlobalSection
	GlobalSection(ProjectConfigurationPlatforms) = postSolution
		{3A6588C1-B34B-4B8D-8082-D16AB10E5417}.Debug|Any CPU.ActiveCfg = Debug|Any CPU
		{3A6588C1-B34B-4B8D-8082-D16AB10E5417}.Debug|Any CPU.Build.0 = Debug|Any CPU
		{3A6588C1-B34B-4B8D-8082-D16AB10E5417}.Release|Any CPU.ActiveCfg = Release|Any CPU
		{3A6588C1-B34B-4B8D-8082-D16AB10E5417}.Release|Any CPU.Build.0 = Release|Any CPU
		{CAC87EF7-AA4E-4D46-B85C-4E3C5933E676}.Debug|Any CPU.ActiveCfg = Debug|Any CPU
		{CAC87EF7-AA4E-4D46-B85C-4E3C5933E676}.Debug|Any CPU.Build.0 = Debug|Any CPU
		{CAC87EF7-AA4E-4D46-B85C-4E3C5933E676}.Release|Any CPU.ActiveCfg = Release|Any CPU
		{CAC87EF7-AA4E-4D46-B85C-4E3C5933E676}.Release|Any CPU.Build.0 = Release|Any CPU
		{B1461D77-3CDA-40E3-92D7-B391632B9174}.Debug|Any CPU.ActiveCfg = Debug|Any CPU
		{B1461D77-3CDA-40E3-92D7-B391632B9174}.Debug|Any CPU.Build.0 = Debug|Any CPU
		{B1461D77-3CDA-40E3-92D7-B391632B9174}.Release|Any CPU.ActiveCfg = Release|Any CPU
		{B1461D77-3CDA-40E3-92D7-B391632B9174}.Release|Any CPU.Build.0 = Release|Any CPU
		{B8BBE0F1-18CA-4E9E-B5F7-2E7D0CF1F463}.Debug|Any CPU.ActiveCfg = Debug|Any CPU
		{B8BBE0F1-18CA-4E9E-B5F7-2E7D0CF1F463}.Debug|Any CPU.Build.0 = Debug|Any CPU
		{B8BBE0F1-18CA-4E9E-B5F7-2E7D0CF1F463}.Release|Any CPU.ActiveCfg = Release|Any CPU
		{B8BBE0F1-18CA-4E9E-B5F7-2E7D0CF1F463}.Release|Any CPU.Build.0 = Release|Any CPU
		{28E55A2F-EEE0-4BBB-82BE-3B882658F0B5}.Debug|Any CPU.ActiveCfg = Debug|Any CPU
		{28E55A2F-EEE0-4BBB-82BE-3B882658F0B5}.Debug|Any CPU.Build.0 = Debug|Any CPU
		{28E55A2F-EEE0-4BBB-82BE-3B882658F0B5}.Release|Any CPU.ActiveCfg = Release|Any CPU
		{28E55A2F-EEE0-4BBB-82BE-3B882658F0B5}.Release|Any CPU.Build.0 = Release|Any CPU
		{2C76DA29-26B8-470B-8F16-AD90C581568C}.Debug|Any CPU.ActiveCfg = Debug|Any CPU
		{2C76DA29-26B8-470B-8F16-AD90C581568C}.Debug|Any CPU.Build.0 = Debug|Any CPU
		{2C76DA29-26B8-470B-8F16-AD90C581568C}.Release|Any CPU.ActiveCfg = Release|Any CPU
		{2C76DA29-26B8-470B-8F16-AD90C581568C}.Release|Any CPU.Build.0 = Release|Any CPU
		{2A1354C6-5607-4430-B283-17F852096FB3}.Debug|Any CPU.ActiveCfg = Debug|Any CPU
		{2A1354C6-5607-4430-B283-17F852096FB3}.Debug|Any CPU.Build.0 = Debug|Any CPU
		{2A1354C6-5607-4430-B283-17F852096FB3}.Release|Any CPU.ActiveCfg = Release|Any CPU
		{2A1354C6-5607-4430-B283-17F852096FB3}.Release|Any CPU.Build.0 = Release|Any CPU
		{071AAB2E-11AD-4084-9CF1-B1CFDD11B8F0}.Debug|Any CPU.ActiveCfg = Debug|Any CPU
		{071AAB2E-11AD-4084-9CF1-B1CFDD11B8F0}.Debug|Any CPU.Build.0 = Debug|Any CPU
		{071AAB2E-11AD-4084-9CF1-B1CFDD11B8F0}.Release|Any CPU.ActiveCfg = Release|Any CPU
		{071AAB2E-11AD-4084-9CF1-B1CFDD11B8F0}.Release|Any CPU.Build.0 = Release|Any CPU
		{61120553-171C-4416-8C04-489AE13A680F}.Debug|Any CPU.ActiveCfg = Debug|Any CPU
		{61120553-171C-4416-8C04-489AE13A680F}.Debug|Any CPU.Build.0 = Debug|Any CPU
		{61120553-171C-4416-8C04-489AE13A680F}.Release|Any CPU.ActiveCfg = Release|Any CPU
		{61120553-171C-4416-8C04-489AE13A680F}.Release|Any CPU.Build.0 = Release|Any CPU
		{C94E70A3-AD0B-4BC6-B2CB-A147322C49F2}.Debug|Any CPU.ActiveCfg = Debug|Any CPU
		{C94E70A3-AD0B-4BC6-B2CB-A147322C49F2}.Debug|Any CPU.Build.0 = Debug|Any CPU
		{C94E70A3-AD0B-4BC6-B2CB-A147322C49F2}.Release|Any CPU.ActiveCfg = Release|Any CPU
		{C94E70A3-AD0B-4BC6-B2CB-A147322C49F2}.Release|Any CPU.Build.0 = Release|Any CPU
		{F6DE852E-E899-4A9B-A80F-42DD7692BDE0}.Debug|Any CPU.ActiveCfg = Debug|Any CPU
		{F6DE852E-E899-4A9B-A80F-42DD7692BDE0}.Debug|Any CPU.Build.0 = Debug|Any CPU
		{F6DE852E-E899-4A9B-A80F-42DD7692BDE0}.Release|Any CPU.ActiveCfg = Release|Any CPU
		{F6DE852E-E899-4A9B-A80F-42DD7692BDE0}.Release|Any CPU.Build.0 = Release|Any CPU
		{2C816020-07E4-4820-A448-13A7B8768DDE}.Debug|Any CPU.ActiveCfg = Debug|Any CPU
		{2C816020-07E4-4820-A448-13A7B8768DDE}.Debug|Any CPU.Build.0 = Debug|Any CPU
		{2C816020-07E4-4820-A448-13A7B8768DDE}.Release|Any CPU.ActiveCfg = Release|Any CPU
		{2C816020-07E4-4820-A448-13A7B8768DDE}.Release|Any CPU.Build.0 = Release|Any CPU
		{7CEE5564-B4DF-4CEC-A1AA-3EC9AA1742AD}.Debug|Any CPU.ActiveCfg = Debug|Any CPU
		{7CEE5564-B4DF-4CEC-A1AA-3EC9AA1742AD}.Debug|Any CPU.Build.0 = Debug|Any CPU
		{7CEE5564-B4DF-4CEC-A1AA-3EC9AA1742AD}.Release|Any CPU.ActiveCfg = Release|Any CPU
		{7CEE5564-B4DF-4CEC-A1AA-3EC9AA1742AD}.Release|Any CPU.Build.0 = Release|Any CPU
		{6E10059F-D902-48A9-A1B8-E540FE384FDF}.Debug|Any CPU.ActiveCfg = Debug|Any CPU
		{6E10059F-D902-48A9-A1B8-E540FE384FDF}.Debug|Any CPU.Build.0 = Debug|Any CPU
		{6E10059F-D902-48A9-A1B8-E540FE384FDF}.Release|Any CPU.ActiveCfg = Release|Any CPU
		{6E10059F-D902-48A9-A1B8-E540FE384FDF}.Release|Any CPU.Build.0 = Release|Any CPU
		{C738BE40-C173-4B5E-8DDA-D7B0344CFF0D}.Debug|Any CPU.ActiveCfg = Debug|Any CPU
		{C738BE40-C173-4B5E-8DDA-D7B0344CFF0D}.Debug|Any CPU.Build.0 = Debug|Any CPU
		{C738BE40-C173-4B5E-8DDA-D7B0344CFF0D}.Release|Any CPU.ActiveCfg = Release|Any CPU
		{C738BE40-C173-4B5E-8DDA-D7B0344CFF0D}.Release|Any CPU.Build.0 = Release|Any CPU
		{6EC805A7-C93F-4197-B7E8-E95BD4F8BF09}.Debug|Any CPU.ActiveCfg = Debug|Any CPU
		{6EC805A7-C93F-4197-B7E8-E95BD4F8BF09}.Debug|Any CPU.Build.0 = Debug|Any CPU
		{6EC805A7-C93F-4197-B7E8-E95BD4F8BF09}.Release|Any CPU.ActiveCfg = Release|Any CPU
		{6EC805A7-C93F-4197-B7E8-E95BD4F8BF09}.Release|Any CPU.Build.0 = Release|Any CPU
		{E52B28AF-D77B-41D1-9320-A3A75CD06FF3}.Debug|Any CPU.ActiveCfg = Debug|Any CPU
		{E52B28AF-D77B-41D1-9320-A3A75CD06FF3}.Debug|Any CPU.Build.0 = Debug|Any CPU
		{E52B28AF-D77B-41D1-9320-A3A75CD06FF3}.Release|Any CPU.ActiveCfg = Release|Any CPU
		{E52B28AF-D77B-41D1-9320-A3A75CD06FF3}.Release|Any CPU.Build.0 = Release|Any CPU
		{711694F7-7952-420F-BC80-E496422B7931}.Debug|Any CPU.ActiveCfg = Debug|Any CPU
		{711694F7-7952-420F-BC80-E496422B7931}.Debug|Any CPU.Build.0 = Debug|Any CPU
		{711694F7-7952-420F-BC80-E496422B7931}.Release|Any CPU.ActiveCfg = Release|Any CPU
		{711694F7-7952-420F-BC80-E496422B7931}.Release|Any CPU.Build.0 = Release|Any CPU
		{2CB76A06-4DEB-4335-9D9C-DA20FE74A719}.Debug|Any CPU.ActiveCfg = Debug|Any CPU
		{2CB76A06-4DEB-4335-9D9C-DA20FE74A719}.Debug|Any CPU.Build.0 = Debug|Any CPU
		{2CB76A06-4DEB-4335-9D9C-DA20FE74A719}.Release|Any CPU.ActiveCfg = Release|Any CPU
		{2CB76A06-4DEB-4335-9D9C-DA20FE74A719}.Release|Any CPU.Build.0 = Release|Any CPU
		{9F3878E1-1A54-4F9E-A498-874B72288BBA}.Debug|Any CPU.ActiveCfg = Debug|Any CPU
		{9F3878E1-1A54-4F9E-A498-874B72288BBA}.Debug|Any CPU.Build.0 = Debug|Any CPU
		{9F3878E1-1A54-4F9E-A498-874B72288BBA}.Release|Any CPU.ActiveCfg = Release|Any CPU
		{9F3878E1-1A54-4F9E-A498-874B72288BBA}.Release|Any CPU.Build.0 = Release|Any CPU
		{D22B2B5C-121F-4F31-A7DF-856B32EF554F}.Debug|Any CPU.ActiveCfg = Debug|Any CPU
		{D22B2B5C-121F-4F31-A7DF-856B32EF554F}.Debug|Any CPU.Build.0 = Debug|Any CPU
		{D22B2B5C-121F-4F31-A7DF-856B32EF554F}.Release|Any CPU.ActiveCfg = Release|Any CPU
		{D22B2B5C-121F-4F31-A7DF-856B32EF554F}.Release|Any CPU.Build.0 = Release|Any CPU
		{B43B1215-E3F0-4803-9229-A8BB87FA310B}.Debug|Any CPU.ActiveCfg = Debug|Any CPU
		{B43B1215-E3F0-4803-9229-A8BB87FA310B}.Debug|Any CPU.Build.0 = Debug|Any CPU
		{B43B1215-E3F0-4803-9229-A8BB87FA310B}.Release|Any CPU.ActiveCfg = Release|Any CPU
		{B43B1215-E3F0-4803-9229-A8BB87FA310B}.Release|Any CPU.Build.0 = Release|Any CPU
		{CFD76393-424B-4A7A-8805-91F80F842CB8}.Debug|Any CPU.ActiveCfg = Debug|Any CPU
		{CFD76393-424B-4A7A-8805-91F80F842CB8}.Debug|Any CPU.Build.0 = Debug|Any CPU
		{CFD76393-424B-4A7A-8805-91F80F842CB8}.Release|Any CPU.ActiveCfg = Release|Any CPU
		{CFD76393-424B-4A7A-8805-91F80F842CB8}.Release|Any CPU.Build.0 = Release|Any CPU
		{F35A43AA-79D5-4B1D-9709-33CC31D49ED4}.Debug|Any CPU.ActiveCfg = Debug|Any CPU
		{F35A43AA-79D5-4B1D-9709-33CC31D49ED4}.Debug|Any CPU.Build.0 = Debug|Any CPU
		{F35A43AA-79D5-4B1D-9709-33CC31D49ED4}.Release|Any CPU.ActiveCfg = Release|Any CPU
		{F35A43AA-79D5-4B1D-9709-33CC31D49ED4}.Release|Any CPU.Build.0 = Release|Any CPU
		{916C2382-9AC8-4E7C-B75E-87F66DAE996C}.Debug|Any CPU.ActiveCfg = Debug|Any CPU
		{916C2382-9AC8-4E7C-B75E-87F66DAE996C}.Debug|Any CPU.Build.0 = Debug|Any CPU
		{916C2382-9AC8-4E7C-B75E-87F66DAE996C}.Release|Any CPU.ActiveCfg = Release|Any CPU
		{916C2382-9AC8-4E7C-B75E-87F66DAE996C}.Release|Any CPU.Build.0 = Release|Any CPU
		{2414BA01-2B5A-43FF-963E-C3BF6DC71078}.Debug|Any CPU.ActiveCfg = Debug|Any CPU
		{2414BA01-2B5A-43FF-963E-C3BF6DC71078}.Debug|Any CPU.Build.0 = Debug|Any CPU
		{2414BA01-2B5A-43FF-963E-C3BF6DC71078}.Release|Any CPU.ActiveCfg = Release|Any CPU
		{2414BA01-2B5A-43FF-963E-C3BF6DC71078}.Release|Any CPU.Build.0 = Release|Any CPU
		{15A2AFAF-5D03-4873-98B9-4A6FD44ED31C}.Debug|Any CPU.ActiveCfg = Debug|Any CPU
		{15A2AFAF-5D03-4873-98B9-4A6FD44ED31C}.Debug|Any CPU.Build.0 = Debug|Any CPU
		{15A2AFAF-5D03-4873-98B9-4A6FD44ED31C}.Release|Any CPU.ActiveCfg = Release|Any CPU
		{15A2AFAF-5D03-4873-98B9-4A6FD44ED31C}.Release|Any CPU.Build.0 = Release|Any CPU
		{C7C5D0AC-977B-4537-BD66-11E98E1003BE}.Debug|Any CPU.ActiveCfg = Debug|Any CPU
		{C7C5D0AC-977B-4537-BD66-11E98E1003BE}.Debug|Any CPU.Build.0 = Debug|Any CPU
		{C7C5D0AC-977B-4537-BD66-11E98E1003BE}.Release|Any CPU.ActiveCfg = Release|Any CPU
		{C7C5D0AC-977B-4537-BD66-11E98E1003BE}.Release|Any CPU.Build.0 = Release|Any CPU
		{8DB18AEA-32E2-47F2-B4E8-1741F9EC7CBE}.Debug|Any CPU.ActiveCfg = Debug|Any CPU
		{8DB18AEA-32E2-47F2-B4E8-1741F9EC7CBE}.Debug|Any CPU.Build.0 = Debug|Any CPU
		{8DB18AEA-32E2-47F2-B4E8-1741F9EC7CBE}.Release|Any CPU.ActiveCfg = Release|Any CPU
		{8DB18AEA-32E2-47F2-B4E8-1741F9EC7CBE}.Release|Any CPU.Build.0 = Release|Any CPU
		{67685F10-936C-45C9-A5D3-B09393CB1B28}.Debug|Any CPU.ActiveCfg = Debug|Any CPU
		{67685F10-936C-45C9-A5D3-B09393CB1B28}.Debug|Any CPU.Build.0 = Debug|Any CPU
		{67685F10-936C-45C9-A5D3-B09393CB1B28}.Release|Any CPU.ActiveCfg = Release|Any CPU
		{67685F10-936C-45C9-A5D3-B09393CB1B28}.Release|Any CPU.Build.0 = Release|Any CPU
		{80B2D633-1B40-4B13-AA0B-F28B63A4DDE0}.Debug|Any CPU.ActiveCfg = Debug|Any CPU
		{80B2D633-1B40-4B13-AA0B-F28B63A4DDE0}.Debug|Any CPU.Build.0 = Debug|Any CPU
		{80B2D633-1B40-4B13-AA0B-F28B63A4DDE0}.Release|Any CPU.ActiveCfg = Release|Any CPU
		{80B2D633-1B40-4B13-AA0B-F28B63A4DDE0}.Release|Any CPU.Build.0 = Release|Any CPU
	EndGlobalSection
	GlobalSection(SolutionProperties) = preSolution
		HideSolutionNode = FALSE
	EndGlobalSection
	GlobalSection(NestedProjects) = preSolution
		{3A6588C1-B34B-4B8D-8082-D16AB10E5417} = {85359553-FD02-427F-9BBD-EA134DC7849D}
		{CAC87EF7-AA4E-4D46-B85C-4E3C5933E676} = {85359553-FD02-427F-9BBD-EA134DC7849D}
		{B1461D77-3CDA-40E3-92D7-B391632B9174} = {85359553-FD02-427F-9BBD-EA134DC7849D}
		{B8BBE0F1-18CA-4E9E-B5F7-2E7D0CF1F463} = {85359553-FD02-427F-9BBD-EA134DC7849D}
		{28E55A2F-EEE0-4BBB-82BE-3B882658F0B5} = {85359553-FD02-427F-9BBD-EA134DC7849D}
		{2C76DA29-26B8-470B-8F16-AD90C581568C} = {85359553-FD02-427F-9BBD-EA134DC7849D}
		{2A1354C6-5607-4430-B283-17F852096FB3} = {85359553-FD02-427F-9BBD-EA134DC7849D}
		{071AAB2E-11AD-4084-9CF1-B1CFDD11B8F0} = {85359553-FD02-427F-9BBD-EA134DC7849D}
		{61120553-171C-4416-8C04-489AE13A680F} = {85359553-FD02-427F-9BBD-EA134DC7849D}
		{C94E70A3-AD0B-4BC6-B2CB-A147322C49F2} = {85359553-FD02-427F-9BBD-EA134DC7849D}
		{F6DE852E-E899-4A9B-A80F-42DD7692BDE0} = {85359553-FD02-427F-9BBD-EA134DC7849D}
		{2C816020-07E4-4820-A448-13A7B8768DDE} = {85359553-FD02-427F-9BBD-EA134DC7849D}
		{7CEE5564-B4DF-4CEC-A1AA-3EC9AA1742AD} = {85359553-FD02-427F-9BBD-EA134DC7849D}
		{6E10059F-D902-48A9-A1B8-E540FE384FDF} = {238FF74A-32E3-4E51-9CF1-D159716E74B2}
		{C738BE40-C173-4B5E-8DDA-D7B0344CFF0D} = {238FF74A-32E3-4E51-9CF1-D159716E74B2}
		{6EC805A7-C93F-4197-B7E8-E95BD4F8BF09} = {238FF74A-32E3-4E51-9CF1-D159716E74B2}
		{E52B28AF-D77B-41D1-9320-A3A75CD06FF3} = {238FF74A-32E3-4E51-9CF1-D159716E74B2}
		{711694F7-7952-420F-BC80-E496422B7931} = {238FF74A-32E3-4E51-9CF1-D159716E74B2}
		{2CB76A06-4DEB-4335-9D9C-DA20FE74A719} = {238FF74A-32E3-4E51-9CF1-D159716E74B2}
		{9F3878E1-1A54-4F9E-A498-874B72288BBA} = {238FF74A-32E3-4E51-9CF1-D159716E74B2}
		{D22B2B5C-121F-4F31-A7DF-856B32EF554F} = {238FF74A-32E3-4E51-9CF1-D159716E74B2}
		{B43B1215-E3F0-4803-9229-A8BB87FA310B} = {238FF74A-32E3-4E51-9CF1-D159716E74B2}
		{CFD76393-424B-4A7A-8805-91F80F842CB8} = {DF1A7D99-A06E-49BD-B59A-9EAC42704282}
		{F35A43AA-79D5-4B1D-9709-33CC31D49ED4} = {DF1A7D99-A06E-49BD-B59A-9EAC42704282}
		{916C2382-9AC8-4E7C-B75E-87F66DAE996C} = {DF1A7D99-A06E-49BD-B59A-9EAC42704282}
		{2414BA01-2B5A-43FF-963E-C3BF6DC71078} = {DF1A7D99-A06E-49BD-B59A-9EAC42704282}
		{15A2AFAF-5D03-4873-98B9-4A6FD44ED31C} = {DF1A7D99-A06E-49BD-B59A-9EAC42704282}
		{C7C5D0AC-977B-4537-BD66-11E98E1003BE} = {DF1A7D99-A06E-49BD-B59A-9EAC42704282}
		{8DB18AEA-32E2-47F2-B4E8-1741F9EC7CBE} = {E9401F08-69EF-42D2-AD22-C2C903E631BB}
		{67685F10-936C-45C9-A5D3-B09393CB1B28} = {E9401F08-69EF-42D2-AD22-C2C903E631BB}
		{80B2D633-1B40-4B13-AA0B-F28B63A4DDE0} = {238FF74A-32E3-4E51-9CF1-D159716E74B2}
	EndGlobalSection
	GlobalSection(ExtensibilityGlobals) = postSolution
		SolutionGuid = {4C533415-9E37-479C-A149-B40867A0B1DB}
	EndGlobalSection
EndGlobal
