
Microsoft Visual Studio Solution File, Format Version 12.00
# Visual Studio Version 17
VisualStudioVersion = 17.0.31903.59
MinimumVisualStudioVersion = 10.0.40219.1
Project("{FAE04EC0-301F-11D3-BF4B-00C04F79EFBC}") = "LINQExercise1", "csharp\LINQExercises\LINQExercise1\LINQExercise1.csproj", "{618EBAFE-4147-4CE2-9CD6-1547D7D27A50}"
EndProject
Project("{2150E333-8FDC-42A3-9474-1A3956D46DE8}") = "csharp", "csharp", "{06595180-26BA-4ED5-809A-2653D7ECBE14}"
EndProject
Project("{2150E333-8FDC-42A3-9474-1A3956D46DE8}") = "LINQExercises", "LINQExercises", "{615B14C0-99DB-442A-B80D-9AB2766844F8}"
EndProject
Project("{FAE04EC0-301F-11D3-BF4B-00C04F79EFBC}") = "LINQExercise2", "csharp\LINQExercises\LINQExercise2\LINQExercise2.csproj", "{6B8E2AC6-7177-4610-873E-95BB4CCC9F52}"
EndProject
Project("{FAE04EC0-301F-11D3-BF4B-00C04F79EFBC}") = "LINQExercise3", "csharp\LINQExercises\LINQExercise3\LINQExercise3.csproj", "{195123E0-D7CB-4158-8BED-9E898338AB64}"
EndProject
Project("{FAE04EC0-301F-11D3-BF4B-00C04F79EFBC}") = "LINQExercise4", "csharp\LINQExercises\LINQExercise4\LINQExercise4.csproj", "{8A1E5BF9-6928-4F8D-99B3-159E614DD444}"
EndProject
Project("{FAE04EC0-301F-11D3-BF4B-00C04F79EFBC}") = "LINQExercise5", "csharp\LINQExercises\LINQExercise5\LINQExercise5.csproj", "{52E5AB4A-A8C7-482C-B209-316A07B869ED}"
EndProject
Project("{FAE04EC0-301F-11D3-BF4B-00C04F79EFBC}") = "LINQExercise6", "csharp\LINQExercises\LINQExercise6\LINQExercise6.csproj", "{F9929E0B-A86C-416C-AC9B-EE0984A686E2}"
EndProject
Project("{FAE04EC0-301F-11D3-BF4B-00C04F79EFBC}") = "LINQExercise7", "csharp\LINQExercises\LINQExercise7\LINQExercise7.csproj", "{C32A254F-DA6A-4D8F-80C3-ACE989865426}"
EndProject
Project("{FAE04EC0-301F-11D3-BF4B-00C04F79EFBC}") = "LINQExercise8", "csharp\LINQExercises\LINQExercise8\LINQExercise8.csproj", "{2CC60B78-85AF-46B2-90A1-14F61A9E9772}"
EndProject
Project("{FAE04EC0-301F-11D3-BF4B-00C04F79EFBC}") = "LINQExercise9", "csharp\LINQExercises\LINQExercise9\LINQExercise9.csproj", "{31576DBA-F79F-476C-8B0B-B5B481372820}"
EndProject
Project("{FAE04EC0-301F-11D3-BF4B-00C04F79EFBC}") = "LINQExercise10", "csharp\LINQExercises\LINQExercise10\LINQExercise10.csproj", "{B193EC9F-C1D5-4E9F-989C-9B6134F82BC4}"
EndProject
Project("{FAE04EC0-301F-11D3-BF4B-00C04F79EFBC}") = "LINQExercise11", "csharp\LINQExercises\LINQExercise11\LINQExercise11.csproj", "{EA02F4E5-D5E3-480D-9184-7EEB6451A662}"
EndProject
Project("{FAE04EC0-301F-11D3-BF4B-00C04F79EFBC}") = "LINQExercise12", "csharp\LINQExercises\LINQExercise12\LINQExercise12.csproj", "{9F1CBE0C-C23F-4440-8046-35F18097C647}"
EndProject
Project("{FAE04EC0-301F-11D3-BF4B-00C04F79EFBC}") = "LINQExercise13", "csharp\LINQExercises\LINQExercise13\LINQExercise13.csproj", "{48DABAC1-83E4-499C-87C7-92CF35B1E672}"
EndProject
Project("{FAE04EC0-301F-11D3-BF4B-00C04F79EFBC}") = "LINQExercise14", "csharp\LINQExercises\LINQExercise14\LINQExercise14.csproj", "{308445D6-D7F0-43AB-BF5C-44E509ADF191}"
EndProject
Project("{FAE04EC0-301F-11D3-BF4B-00C04F79EFBC}") = "LINQExercise15", "csharp\LINQExercises\LINQExercise15\LINQExercise15.csproj", "{A04C1A90-A0C6-4A02-A918-D0E1E363CC33}"
EndProject
Project("{FAE04EC0-301F-11D3-BF4B-00C04F79EFBC}") = "LINQExercise16", "csharp\LINQExercises\LINQExercise16\LINQExercise16.csproj", "{80FC3575-F575-468F-B0BB-5C180602BAA0}"
EndProject
Project("{FAE04EC0-301F-11D3-BF4B-00C04F79EFBC}") = "LINQExercise17", "csharp\LINQExercises\LINQExercise17\LINQExercise17.csproj", "{E8C49870-9F93-4088-B492-E192A5885136}"
EndProject
Project("{FAE04EC0-301F-11D3-BF4B-00C04F79EFBC}") = "LINQExercise18", "csharp\LINQExercises\LINQExercise18\LINQExercise18.csproj", "{E64B4EC8-FD5F-4B0A-8459-49F1BA7D37C2}"
EndProject
Project("{FAE04EC0-301F-11D3-BF4B-00C04F79EFBC}") = "LINQExercise19", "csharp\LINQExercises\LINQExercise19\LINQExercise19.csproj", "{1C469014-C9C8-4DBA-9C65-E9EC1BF15AE5}"
EndProject
Project("{FAE04EC0-301F-11D3-BF4B-00C04F79EFBC}") = "LINQExercise20", "csharp\LINQExercises\LINQExercise20\LINQExercise20.csproj", "{0619A550-5A36-4B9A-8AB2-A5566AD82BBC}"
EndProject
Project("{FAE04EC0-301F-11D3-BF4B-00C04F79EFBC}") = "LINQExercise21", "csharp\LINQExercises\LINQExercise21\LINQExercise21.csproj", "{D5968D72-B676-47CD-BBB1-3FD204F82E63}"
EndProject
Project("{FAE04EC0-301F-11D3-BF4B-00C04F79EFBC}") = "LINQExercise22", "csharp\LINQExercises\LINQExercise22\LINQExercise22.csproj", "{7B29ADE9-7C48-4ECC-9074-617E1D55D7DA}"
EndProject
Project("{FAE04EC0-301F-11D3-BF4B-00C04F79EFBC}") = "LINQExercise23", "csharp\LINQExercises\LINQExercise23\LINQExercise23.csproj", "{3424FEA6-3D12-4E86-B788-2B49156F88EB}"
EndProject
Project("{FAE04EC0-301F-11D3-BF4B-00C04F79EFBC}") = "LINQExercise24", "csharp\LINQExercises\LINQExercise24\LINQExercise24.csproj", "{D2B645AB-89ED-4FC0-807F-2D8252EA178F}"
EndProject
Project("{FAE04EC0-301F-11D3-BF4B-00C04F79EFBC}") = "LINQExercise25", "csharp\LINQExercises\LINQExercise25\LINQExercise25.csproj", "{977D5CB6-207D-4620-A6BA-7D937642D116}"
EndProject
Project("{FAE04EC0-301F-11D3-BF4B-00C04F79EFBC}") = "LINQExercise26", "csharp\LINQExercises\LINQExercise26\LINQExercise26.csproj", "{96628527-2E6D-4251-9D39-37D00451F8C0}"
EndProject
Project("{FAE04EC0-301F-11D3-BF4B-00C04F79EFBC}") = "LINQExercise27", "csharp\LINQExercises\LINQExercise27\LINQExercise27.csproj", "{BF596B37-1162-410C-B9DC-39D8CF26EE62}"
EndProject
Project("{FAE04EC0-301F-11D3-BF4B-00C04F79EFBC}") = "LINQExercise28", "csharp\LINQExercises\LINQExercise28\LINQExercise28.csproj", "{B75DC64D-AE26-41AF-808A-334674CCD83E}"
EndProject
Project("{FAE04EC0-301F-11D3-BF4B-00C04F79EFBC}") = "LINQExercise29", "csharp\LINQExercises\LINQExercise29\LINQExercise29.csproj", "{37655A63-2D24-409C-9A80-E510123138CD}"
EndProject
Project("{FAE04EC0-301F-11D3-BF4B-00C04F79EFBC}") = "LINQExercise30", "csharp\LINQExercises\LINQExercise30\LINQExercise30.csproj", "{57C2C4B7-881C-4BC6-BE3E-0BEC7D146219}"
EndProject
Global
	GlobalSection(SolutionConfigurationPlatforms) = preSolution
		Debug|Any CPU = Debug|Any CPU
		Release|Any CPU = Release|Any CPU
	EndGlobalSection
	GlobalSection(ProjectConfigurationPlatforms) = postSolution
		{618EBAFE-4147-4CE2-9CD6-1547D7D27A50}.Debug|Any CPU.ActiveCfg = Debug|Any CPU
		{618EBAFE-4147-4CE2-9CD6-1547D7D27A50}.Debug|Any CPU.Build.0 = Debug|Any CPU
		{618EBAFE-4147-4CE2-9CD6-1547D7D27A50}.Release|Any CPU.ActiveCfg = Release|Any CPU
		{618EBAFE-4147-4CE2-9CD6-1547D7D27A50}.Release|Any CPU.Build.0 = Release|Any CPU
		{6B8E2AC6-7177-4610-873E-95BB4CCC9F52}.Debug|Any CPU.ActiveCfg = Debug|Any CPU
		{6B8E2AC6-7177-4610-873E-95BB4CCC9F52}.Debug|Any CPU.Build.0 = Debug|Any CPU
		{6B8E2AC6-7177-4610-873E-95BB4CCC9F52}.Release|Any CPU.ActiveCfg = Release|Any CPU
		{6B8E2AC6-7177-4610-873E-95BB4CCC9F52}.Release|Any CPU.Build.0 = Release|Any CPU
		{195123E0-D7CB-4158-8BED-9E898338AB64}.Debug|Any CPU.ActiveCfg = Debug|Any CPU
		{195123E0-D7CB-4158-8BED-9E898338AB64}.Debug|Any CPU.Build.0 = Debug|Any CPU
		{195123E0-D7CB-4158-8BED-9E898338AB64}.Release|Any CPU.ActiveCfg = Release|Any CPU
		{195123E0-D7CB-4158-8BED-9E898338AB64}.Release|Any CPU.Build.0 = Release|Any CPU
		{8A1E5BF9-6928-4F8D-99B3-159E614DD444}.Debug|Any CPU.ActiveCfg = Debug|Any CPU
		{8A1E5BF9-6928-4F8D-99B3-159E614DD444}.Debug|Any CPU.Build.0 = Debug|Any CPU
		{8A1E5BF9-6928-4F8D-99B3-159E614DD444}.Release|Any CPU.ActiveCfg = Release|Any CPU
		{8A1E5BF9-6928-4F8D-99B3-159E614DD444}.Release|Any CPU.Build.0 = Release|Any CPU
		{52E5AB4A-A8C7-482C-B209-316A07B869ED}.Debug|Any CPU.ActiveCfg = Debug|Any CPU
		{52E5AB4A-A8C7-482C-B209-316A07B869ED}.Debug|Any CPU.Build.0 = Debug|Any CPU
		{52E5AB4A-A8C7-482C-B209-316A07B869ED}.Release|Any CPU.ActiveCfg = Release|Any CPU
		{52E5AB4A-A8C7-482C-B209-316A07B869ED}.Release|Any CPU.Build.0 = Release|Any CPU
		{F9929E0B-A86C-416C-AC9B-EE0984A686E2}.Debug|Any CPU.ActiveCfg = Debug|Any CPU
		{F9929E0B-A86C-416C-AC9B-EE0984A686E2}.Debug|Any CPU.Build.0 = Debug|Any CPU
		{F9929E0B-A86C-416C-AC9B-EE0984A686E2}.Release|Any CPU.ActiveCfg = Release|Any CPU
		{F9929E0B-A86C-416C-AC9B-EE0984A686E2}.Release|Any CPU.Build.0 = Release|Any CPU
		{C32A254F-DA6A-4D8F-80C3-ACE989865426}.Debug|Any CPU.ActiveCfg = Debug|Any CPU
		{C32A254F-DA6A-4D8F-80C3-ACE989865426}.Debug|Any CPU.Build.0 = Debug|Any CPU
		{C32A254F-DA6A-4D8F-80C3-ACE989865426}.Release|Any CPU.ActiveCfg = Release|Any CPU
		{C32A254F-DA6A-4D8F-80C3-ACE989865426}.Release|Any CPU.Build.0 = Release|Any CPU
		{2CC60B78-85AF-46B2-90A1-14F61A9E9772}.Debug|Any CPU.ActiveCfg = Debug|Any CPU
		{2CC60B78-85AF-46B2-90A1-14F61A9E9772}.Debug|Any CPU.Build.0 = Debug|Any CPU
		{2CC60B78-85AF-46B2-90A1-14F61A9E9772}.Release|Any CPU.ActiveCfg = Release|Any CPU
		{2CC60B78-85AF-46B2-90A1-14F61A9E9772}.Release|Any CPU.Build.0 = Release|Any CPU
		{31576DBA-F79F-476C-8B0B-B5B481372820}.Debug|Any CPU.ActiveCfg = Debug|Any CPU
		{31576DBA-F79F-476C-8B0B-B5B481372820}.Debug|Any CPU.Build.0 = Debug|Any CPU
		{31576DBA-F79F-476C-8B0B-B5B481372820}.Release|Any CPU.ActiveCfg = Release|Any CPU
		{31576DBA-F79F-476C-8B0B-B5B481372820}.Release|Any CPU.Build.0 = Release|Any CPU
		{B193EC9F-C1D5-4E9F-989C-9B6134F82BC4}.Debug|Any CPU.ActiveCfg = Debug|Any CPU
		{B193EC9F-C1D5-4E9F-989C-9B6134F82BC4}.Debug|Any CPU.Build.0 = Debug|Any CPU
		{B193EC9F-C1D5-4E9F-989C-9B6134F82BC4}.Release|Any CPU.ActiveCfg = Release|Any CPU
		{B193EC9F-C1D5-4E9F-989C-9B6134F82BC4}.Release|Any CPU.Build.0 = Release|Any CPU
		{EA02F4E5-D5E3-480D-9184-7EEB6451A662}.Debug|Any CPU.ActiveCfg = Debug|Any CPU
		{EA02F4E5-D5E3-480D-9184-7EEB6451A662}.Debug|Any CPU.Build.0 = Debug|Any CPU
		{EA02F4E5-D5E3-480D-9184-7EEB6451A662}.Release|Any CPU.ActiveCfg = Release|Any CPU
		{EA02F4E5-D5E3-480D-9184-7EEB6451A662}.Release|Any CPU.Build.0 = Release|Any CPU
		{9F1CBE0C-C23F-4440-8046-35F18097C647}.Debug|Any CPU.ActiveCfg = Debug|Any CPU
		{9F1CBE0C-C23F-4440-8046-35F18097C647}.Debug|Any CPU.Build.0 = Debug|Any CPU
		{9F1CBE0C-C23F-4440-8046-35F18097C647}.Release|Any CPU.ActiveCfg = Release|Any CPU
		{9F1CBE0C-C23F-4440-8046-35F18097C647}.Release|Any CPU.Build.0 = Release|Any CPU
		{48DABAC1-83E4-499C-87C7-92CF35B1E672}.Debug|Any CPU.ActiveCfg = Debug|Any CPU
		{48DABAC1-83E4-499C-87C7-92CF35B1E672}.Debug|Any CPU.Build.0 = Debug|Any CPU
		{48DABAC1-83E4-499C-87C7-92CF35B1E672}.Release|Any CPU.ActiveCfg = Release|Any CPU
		{48DABAC1-83E4-499C-87C7-92CF35B1E672}.Release|Any CPU.Build.0 = Release|Any CPU
		{308445D6-D7F0-43AB-BF5C-44E509ADF191}.Debug|Any CPU.ActiveCfg = Debug|Any CPU
		{308445D6-D7F0-43AB-BF5C-44E509ADF191}.Debug|Any CPU.Build.0 = Debug|Any CPU
		{308445D6-D7F0-43AB-BF5C-44E509ADF191}.Release|Any CPU.ActiveCfg = Release|Any CPU
		{308445D6-D7F0-43AB-BF5C-44E509ADF191}.Release|Any CPU.Build.0 = Release|Any CPU
		{A04C1A90-A0C6-4A02-A918-D0E1E363CC33}.Debug|Any CPU.ActiveCfg = Debug|Any CPU
		{A04C1A90-A0C6-4A02-A918-D0E1E363CC33}.Debug|Any CPU.Build.0 = Debug|Any CPU
		{A04C1A90-A0C6-4A02-A918-D0E1E363CC33}.Release|Any CPU.ActiveCfg = Release|Any CPU
		{A04C1A90-A0C6-4A02-A918-D0E1E363CC33}.Release|Any CPU.Build.0 = Release|Any CPU
		{80FC3575-F575-468F-B0BB-5C180602BAA0}.Debug|Any CPU.ActiveCfg = Debug|Any CPU
		{80FC3575-F575-468F-B0BB-5C180602BAA0}.Debug|Any CPU.Build.0 = Debug|Any CPU
		{80FC3575-F575-468F-B0BB-5C180602BAA0}.Release|Any CPU.ActiveCfg = Release|Any CPU
		{80FC3575-F575-468F-B0BB-5C180602BAA0}.Release|Any CPU.Build.0 = Release|Any CPU
		{E8C49870-9F93-4088-B492-E192A5885136}.Debug|Any CPU.ActiveCfg = Debug|Any CPU
		{E8C49870-9F93-4088-B492-E192A5885136}.Debug|Any CPU.Build.0 = Debug|Any CPU
		{E8C49870-9F93-4088-B492-E192A5885136}.Release|Any CPU.ActiveCfg = Release|Any CPU
		{E8C49870-9F93-4088-B492-E192A5885136}.Release|Any CPU.Build.0 = Release|Any CPU
		{E64B4EC8-FD5F-4B0A-8459-49F1BA7D37C2}.Debug|Any CPU.ActiveCfg = Debug|Any CPU
		{E64B4EC8-FD5F-4B0A-8459-49F1BA7D37C2}.Debug|Any CPU.Build.0 = Debug|Any CPU
		{E64B4EC8-FD5F-4B0A-8459-49F1BA7D37C2}.Release|Any CPU.ActiveCfg = Release|Any CPU
		{E64B4EC8-FD5F-4B0A-8459-49F1BA7D37C2}.Release|Any CPU.Build.0 = Release|Any CPU
		{1C469014-C9C8-4DBA-9C65-E9EC1BF15AE5}.Debug|Any CPU.ActiveCfg = Debug|Any CPU
		{1C469014-C9C8-4DBA-9C65-E9EC1BF15AE5}.Debug|Any CPU.Build.0 = Debug|Any CPU
		{1C469014-C9C8-4DBA-9C65-E9EC1BF15AE5}.Release|Any CPU.ActiveCfg = Release|Any CPU
		{1C469014-C9C8-4DBA-9C65-E9EC1BF15AE5}.Release|Any CPU.Build.0 = Release|Any CPU
		{0619A550-5A36-4B9A-8AB2-A5566AD82BBC}.Debug|Any CPU.ActiveCfg = Debug|Any CPU
		{0619A550-5A36-4B9A-8AB2-A5566AD82BBC}.Debug|Any CPU.Build.0 = Debug|Any CPU
		{0619A550-5A36-4B9A-8AB2-A5566AD82BBC}.Release|Any CPU.ActiveCfg = Release|Any CPU
		{0619A550-5A36-4B9A-8AB2-A5566AD82BBC}.Release|Any CPU.Build.0 = Release|Any CPU
		{D5968D72-B676-47CD-BBB1-3FD204F82E63}.Debug|Any CPU.ActiveCfg = Debug|Any CPU
		{D5968D72-B676-47CD-BBB1-3FD204F82E63}.Debug|Any CPU.Build.0 = Debug|Any CPU
		{D5968D72-B676-47CD-BBB1-3FD204F82E63}.Release|Any CPU.ActiveCfg = Release|Any CPU
		{D5968D72-B676-47CD-BBB1-3FD204F82E63}.Release|Any CPU.Build.0 = Release|Any CPU
		{7B29ADE9-7C48-4ECC-9074-617E1D55D7DA}.Debug|Any CPU.ActiveCfg = Debug|Any CPU
		{7B29ADE9-7C48-4ECC-9074-617E1D55D7DA}.Debug|Any CPU.Build.0 = Debug|Any CPU
		{7B29ADE9-7C48-4ECC-9074-617E1D55D7DA}.Release|Any CPU.ActiveCfg = Release|Any CPU
		{7B29ADE9-7C48-4ECC-9074-617E1D55D7DA}.Release|Any CPU.Build.0 = Release|Any CPU
		{3424FEA6-3D12-4E86-B788-2B49156F88EB}.Debug|Any CPU.ActiveCfg = Debug|Any CPU
		{3424FEA6-3D12-4E86-B788-2B49156F88EB}.Debug|Any CPU.Build.0 = Debug|Any CPU
		{3424FEA6-3D12-4E86-B788-2B49156F88EB}.Release|Any CPU.ActiveCfg = Release|Any CPU
		{3424FEA6-3D12-4E86-B788-2B49156F88EB}.Release|Any CPU.Build.0 = Release|Any CPU
		{D2B645AB-89ED-4FC0-807F-2D8252EA178F}.Debug|Any CPU.ActiveCfg = Debug|Any CPU
		{D2B645AB-89ED-4FC0-807F-2D8252EA178F}.Debug|Any CPU.Build.0 = Debug|Any CPU
		{D2B645AB-89ED-4FC0-807F-2D8252EA178F}.Release|Any CPU.ActiveCfg = Release|Any CPU
		{D2B645AB-89ED-4FC0-807F-2D8252EA178F}.Release|Any CPU.Build.0 = Release|Any CPU
		{977D5CB6-207D-4620-A6BA-7D937642D116}.Debug|Any CPU.ActiveCfg = Debug|Any CPU
		{977D5CB6-207D-4620-A6BA-7D937642D116}.Debug|Any CPU.Build.0 = Debug|Any CPU
		{977D5CB6-207D-4620-A6BA-7D937642D116}.Release|Any CPU.ActiveCfg = Release|Any CPU
		{977D5CB6-207D-4620-A6BA-7D937642D116}.Release|Any CPU.Build.0 = Release|Any CPU
		{96628527-2E6D-4251-9D39-37D00451F8C0}.Debug|Any CPU.ActiveCfg = Debug|Any CPU
		{96628527-2E6D-4251-9D39-37D00451F8C0}.Debug|Any CPU.Build.0 = Debug|Any CPU
		{96628527-2E6D-4251-9D39-37D00451F8C0}.Release|Any CPU.ActiveCfg = Release|Any CPU
		{96628527-2E6D-4251-9D39-37D00451F8C0}.Release|Any CPU.Build.0 = Release|Any CPU
		{BF596B37-1162-410C-B9DC-39D8CF26EE62}.Debug|Any CPU.ActiveCfg = Debug|Any CPU
		{BF596B37-1162-410C-B9DC-39D8CF26EE62}.Debug|Any CPU.Build.0 = Debug|Any CPU
		{BF596B37-1162-410C-B9DC-39D8CF26EE62}.Release|Any CPU.ActiveCfg = Release|Any CPU
		{BF596B37-1162-410C-B9DC-39D8CF26EE62}.Release|Any CPU.Build.0 = Release|Any CPU
		{B75DC64D-AE26-41AF-808A-334674CCD83E}.Debug|Any CPU.ActiveCfg = Debug|Any CPU
		{B75DC64D-AE26-41AF-808A-334674CCD83E}.Debug|Any CPU.Build.0 = Debug|Any CPU
		{B75DC64D-AE26-41AF-808A-334674CCD83E}.Release|Any CPU.ActiveCfg = Release|Any CPU
		{B75DC64D-AE26-41AF-808A-334674CCD83E}.Release|Any CPU.Build.0 = Release|Any CPU
		{37655A63-2D24-409C-9A80-E510123138CD}.Debug|Any CPU.ActiveCfg = Debug|Any CPU
		{37655A63-2D24-409C-9A80-E510123138CD}.Debug|Any CPU.Build.0 = Debug|Any CPU
		{37655A63-2D24-409C-9A80-E510123138CD}.Release|Any CPU.ActiveCfg = Release|Any CPU
		{37655A63-2D24-409C-9A80-E510123138CD}.Release|Any CPU.Build.0 = Release|Any CPU
		{57C2C4B7-881C-4BC6-BE3E-0BEC7D146219}.Debug|Any CPU.ActiveCfg = Debug|Any CPU
		{57C2C4B7-881C-4BC6-BE3E-0BEC7D146219}.Debug|Any CPU.Build.0 = Debug|Any CPU
		{57C2C4B7-881C-4BC6-BE3E-0BEC7D146219}.Release|Any CPU.ActiveCfg = Release|Any CPU
		{57C2C4B7-881C-4BC6-BE3E-0BEC7D146219}.Release|Any CPU.Build.0 = Release|Any CPU
	EndGlobalSection
	GlobalSection(SolutionProperties) = preSolution
		HideSolutionNode = FALSE
	EndGlobalSection
	GlobalSection(NestedProjects) = preSolution
		{615B14C0-99DB-442A-B80D-9AB2766844F8} = {06595180-26BA-4ED5-809A-2653D7ECBE14}
		{6B8E2AC6-7177-4610-873E-95BB4CCC9F52} = {615B14C0-99DB-442A-B80D-9AB2766844F8}
		{195123E0-D7CB-4158-8BED-9E898338AB64} = {615B14C0-99DB-442A-B80D-9AB2766844F8}
		{8A1E5BF9-6928-4F8D-99B3-159E614DD444} = {615B14C0-99DB-442A-B80D-9AB2766844F8}
		{52E5AB4A-A8C7-482C-B209-316A07B869ED} = {615B14C0-99DB-442A-B80D-9AB2766844F8}
		{F9929E0B-A86C-416C-AC9B-EE0984A686E2} = {615B14C0-99DB-442A-B80D-9AB2766844F8}
		{C32A254F-DA6A-4D8F-80C3-ACE989865426} = {615B14C0-99DB-442A-B80D-9AB2766844F8}
		{2CC60B78-85AF-46B2-90A1-14F61A9E9772} = {615B14C0-99DB-442A-B80D-9AB2766844F8}
		{31576DBA-F79F-476C-8B0B-B5B481372820} = {615B14C0-99DB-442A-B80D-9AB2766844F8}
		{B193EC9F-C1D5-4E9F-989C-9B6134F82BC4} = {615B14C0-99DB-442A-B80D-9AB2766844F8}
		{EA02F4E5-D5E3-480D-9184-7EEB6451A662} = {615B14C0-99DB-442A-B80D-9AB2766844F8}
		{9F1CBE0C-C23F-4440-8046-35F18097C647} = {615B14C0-99DB-442A-B80D-9AB2766844F8}
		{48DABAC1-83E4-499C-87C7-92CF35B1E672} = {615B14C0-99DB-442A-B80D-9AB2766844F8}
		{308445D6-D7F0-43AB-BF5C-44E509ADF191} = {615B14C0-99DB-442A-B80D-9AB2766844F8}
		{A04C1A90-A0C6-4A02-A918-D0E1E363CC33} = {615B14C0-99DB-442A-B80D-9AB2766844F8}
		{80FC3575-F575-468F-B0BB-5C180602BAA0} = {615B14C0-99DB-442A-B80D-9AB2766844F8}
		{E8C49870-9F93-4088-B492-E192A5885136} = {615B14C0-99DB-442A-B80D-9AB2766844F8}
		{E64B4EC8-FD5F-4B0A-8459-49F1BA7D37C2} = {615B14C0-99DB-442A-B80D-9AB2766844F8}
		{1C469014-C9C8-4DBA-9C65-E9EC1BF15AE5} = {615B14C0-99DB-442A-B80D-9AB2766844F8}
		{0619A550-5A36-4B9A-8AB2-A5566AD82BBC} = {615B14C0-99DB-442A-B80D-9AB2766844F8}
		{D5968D72-B676-47CD-BBB1-3FD204F82E63} = {615B14C0-99DB-442A-B80D-9AB2766844F8}
		{7B29ADE9-7C48-4ECC-9074-617E1D55D7DA} = {615B14C0-99DB-442A-B80D-9AB2766844F8}
		{3424FEA6-3D12-4E86-B788-2B49156F88EB} = {615B14C0-99DB-442A-B80D-9AB2766844F8}
		{D2B645AB-89ED-4FC0-807F-2D8252EA178F} = {615B14C0-99DB-442A-B80D-9AB2766844F8}
		{977D5CB6-207D-4620-A6BA-7D937642D116} = {615B14C0-99DB-442A-B80D-9AB2766844F8}
		{96628527-2E6D-4251-9D39-37D00451F8C0} = {615B14C0-99DB-442A-B80D-9AB2766844F8}
		{BF596B37-1162-410C-B9DC-39D8CF26EE62} = {615B14C0-99DB-442A-B80D-9AB2766844F8}
		{B75DC64D-AE26-41AF-808A-334674CCD83E} = {615B14C0-99DB-442A-B80D-9AB2766844F8}
		{37655A63-2D24-409C-9A80-E510123138CD} = {615B14C0-99DB-442A-B80D-9AB2766844F8}
		{57C2C4B7-881C-4BC6-BE3E-0BEC7D146219} = {615B14C0-99DB-442A-B80D-9AB2766844F8}
	EndGlobalSection
EndGlobal
